PODS:
  - Alamofire (5.8.1)
  - AlertToast (1.3.9)

DEPENDENCIES:
  - Alamofire (~> 5.8.1)
  - AlertToast

SPEC REPOS:
  trunk:
    - Alamofire
    - AlertToast

SPEC CHECKSUMS:
  Alamofire: 3ca42e259043ee0dc5c0cdd76c4bc568b8e42af7
  AlertToast: e8db15da727beff75500bcf33a78cd617f408fa1

PODFILE CHECKSUM: 31bbe780c8a2d742be4948278ea896f0f6313a64

COCOAPODS: 1.14.2
